// !$*UTF8*$!
{
	archiveVersion = 1;
	classes = {
	};
	objectVersion = 46;
	objects = {

/* Begin PBXBuildFile section */
		2A56751E1E58A1E70006E4EA /* libxml2.2.tbd in Frameworks */ = {isa = PBXBuildFile; fileRef = 2A56751D1E58A1E60006E4EA /* libxml2.2.tbd */; };
		2A56751F1E58B74C0006E4EA /* libxml2.2.tbd in Frameworks */ = {isa = PBXBuildFile; fileRef = 2A56751D1E58A1E60006E4EA /* libxml2.2.tbd */; };
		2A5675211E58B93A0006E4EA /* SVGNode.swift in Sources */ = {isa = PBXBuildFile; fileRef = 2A5675201E58B93A0006E4EA /* SVGNode.swift */; };
		2A65F35C1EA0F7DD003D1BD2 /* SVGRenderer.swift in Sources */ = {isa = PBXBuildFile; fileRef = 2A65F35B1EA0F7DD003D1BD2 /* SVGRenderer.swift */; };
		2A6FA3271DCB420900B62C82 /* libSVG.framework in Frameworks */ = {isa = PBXBuildFile; fileRef = 2A6FA31D1DCB420900B62C82 /* libSVG.framework */; };
		2A6FA32C1DCB420900B62C82 /* libSVGLoadTests.swift in Sources */ = {isa = PBXBuildFile; fileRef = 2A6FA32B1DCB420900B62C82 /* libSVGLoadTests.swift */; };
		2A6FA32E1DCB420900B62C82 /* libSVG.h in Headers */ = {isa = PBXBuildFile; fileRef = 2A6FA3201DCB420900B62C82 /* libSVG.h */; settings = {ATTRIBUTES = (Public, ); }; };
		2A6FA3381DCBBA7B00B62C82 /* SVG.swift in Sources */ = {isa = PBXBuildFile; fileRef = 2A6FA3371DCBBA7B00B62C82 /* SVG.swift */; };
		2A6FA3401DCBBBD400B62C82 /* Death.svg in Resources */ = {isa = PBXBuildFile; fileRef = 2A6FA33A1DCBBBD400B62C82 /* Death.svg */; };
		2A6FA3411DCBBBD400B62C82 /* Frankenstein.svg in Resources */ = {isa = PBXBuildFile; fileRef = 2A6FA33B1DCBBBD400B62C82 /* Frankenstein.svg */; };
		2A6FA3421DCBBBD400B62C82 /* Mummy.svg in Resources */ = {isa = PBXBuildFile; fileRef = 2A6FA33C1DCBBBD400B62C82 /* Mummy.svg */; };
		2A6FA3431DCBBBD400B62C82 /* Pumpkin.svg in Resources */ = {isa = PBXBuildFile; fileRef = 2A6FA33D1DCBBBD400B62C82 /* Pumpkin.svg */; };
		2A6FA3441DCBBBD400B62C82 /* Skull.svg in Resources */ = {isa = PBXBuildFile; fileRef = 2A6FA33E1DCBBBD400B62C82 /* Skull.svg */; };
		2A6FA3451DCBBBD400B62C82 /* Spider.svg in Resources */ = {isa = PBXBuildFile; fileRef = 2A6FA33F1DCBBBD400B62C82 /* Spider.svg */; };
		2A74F5781DFFDCCF00F0771E /* libSVGParseTests.swift in Sources */ = {isa = PBXBuildFile; fileRef = 2A74F5771DFFDCCF00F0771E /* libSVGParseTests.swift */; };
		2A74F57A1DFFDCF200F0771E /* libSVGViewPortTests.swift in Sources */ = {isa = PBXBuildFile; fileRef = 2A74F5791DFFDCF200F0771E /* libSVGViewPortTests.swift */; };
		2A74F57C1DFFDD2400F0771E /* libSVGShapeTests.swift in Sources */ = {isa = PBXBuildFile; fileRef = 2A74F57B1DFFDD2400F0771E /* libSVGShapeTests.swift */; };
		2A74F57E1DFFDD4500F0771E /* libSVGGroupTests.swift in Sources */ = {isa = PBXBuildFile; fileRef = 2A74F57D1DFFDD4500F0771E /* libSVGGroupTests.swift */; };
		2A74F5801DFFDD9500F0771E /* libSVGGradientTests.swift in Sources */ = {isa = PBXBuildFile; fileRef = 2A74F57F1DFFDD9500F0771E /* libSVGGradientTests.swift */; };
		2A7E8DB41E5A43E80050AEEC /* SVGElement.swift in Sources */ = {isa = PBXBuildFile; fileRef = 2A7E8DB31E5A43E80050AEEC /* SVGElement.swift */; };
		2A7E8DB61E5A55A50050AEEC /* SVGTag.swift in Sources */ = {isa = PBXBuildFile; fileRef = 2A7E8DB51E5A55A50050AEEC /* SVGTag.swift */; };
		2A7E8DB81E5A685B0050AEEC /* SVGCSSParser.swift in Sources */ = {isa = PBXBuildFile; fileRef = 2A7E8DB71E5A685B0050AEEC /* SVGCSSParser.swift */; };
		2A802788201D0766004157CD /* libSVGNodeTests.swift in Sources */ = {isa = PBXBuildFile; fileRef = 2A802787201D0766004157CD /* libSVGNodeTests.swift */; };
		2A96C7E21FA9480100ED94C1 /* SVGTagSVG.swift in Sources */ = {isa = PBXBuildFile; fileRef = 2A96C7E11FA9480100ED94C1 /* SVGTagSVG.swift */; };
		2AAEAFFD1EE490E400693572 /* SVGRendererDestination.swift in Sources */ = {isa = PBXBuildFile; fileRef = 2AAEAFFC1EE490E400693572 /* SVGRendererDestination.swift */; };
/* End PBXBuildFile section */

/* Begin PBXContainerItemProxy section */
		2A6FA3281DCB420900B62C82 /* PBXContainerItemProxy */ = {
			isa = PBXContainerItemProxy;
			containerPortal = 2A6FA3141DCB420900B62C82 /* Project object */;
			proxyType = 1;
			remoteGlobalIDString = 2A6FA31C1DCB420900B62C82;
			remoteInfo = libSVG;
		};
/* End PBXContainerItemProxy section */

/* Begin PBXFileReference section */
		2A56751D1E58A1E60006E4EA /* libxml2.2.tbd */ = {isa = PBXFileReference; lastKnownFileType = "sourcecode.text-based-dylib-definition"; name = libxml2.2.tbd; path = usr/lib/libxml2.2.tbd; sourceTree = SDKROOT; };
		2A5675201E58B93A0006E4EA /* SVGNode.swift */ = {isa = PBXFileReference; fileEncoding = 4; lastKnownFileType = sourcecode.swift; path = SVGNode.swift; sourceTree = "<group>"; };
		2A65F35B1EA0F7DD003D1BD2 /* SVGRenderer.swift */ = {isa = PBXFileReference; fileEncoding = 4; lastKnownFileType = sourcecode.swift; path = SVGRenderer.swift; sourceTree = "<group>"; };
		2A6FA31D1DCB420900B62C82 /* libSVG.framework */ = {isa = PBXFileReference; explicitFileType = wrapper.framework; includeInIndex = 0; path = libSVG.framework; sourceTree = BUILT_PRODUCTS_DIR; };
		2A6FA3201DCB420900B62C82 /* libSVG.h */ = {isa = PBXFileReference; lastKnownFileType = sourcecode.c.h; path = libSVG.h; sourceTree = "<group>"; };
		2A6FA3211DCB420900B62C82 /* Info.plist */ = {isa = PBXFileReference; lastKnownFileType = text.plist.xml; path = Info.plist; sourceTree = "<group>"; };
		2A6FA3261DCB420900B62C82 /* libSVGTests.xctest */ = {isa = PBXFileReference; explicitFileType = wrapper.cfbundle; includeInIndex = 0; path = libSVGTests.xctest; sourceTree = BUILT_PRODUCTS_DIR; };
		2A6FA32B1DCB420900B62C82 /* libSVGLoadTests.swift */ = {isa = PBXFileReference; lastKnownFileType = sourcecode.swift; path = libSVGLoadTests.swift; sourceTree = "<group>"; };
		2A6FA32D1DCB420900B62C82 /* Info.plist */ = {isa = PBXFileReference; lastKnownFileType = text.plist.xml; path = Info.plist; sourceTree = "<group>"; };
		2A6FA3371DCBBA7B00B62C82 /* SVG.swift */ = {isa = PBXFileReference; fileEncoding = 4; lastKnownFileType = sourcecode.swift; path = SVG.swift; sourceTree = "<group>"; };
		2A6FA33A1DCBBBD400B62C82 /* Death.svg */ = {isa = PBXFileReference; fileEncoding = 4; lastKnownFileType = text; path = Death.svg; sourceTree = "<group>"; };
		2A6FA33B1DCBBBD400B62C82 /* Frankenstein.svg */ = {isa = PBXFileReference; fileEncoding = 4; lastKnownFileType = text; path = Frankenstein.svg; sourceTree = "<group>"; };
		2A6FA33C1DCBBBD400B62C82 /* Mummy.svg */ = {isa = PBXFileReference; fileEncoding = 4; lastKnownFileType = text; path = Mummy.svg; sourceTree = "<group>"; };
		2A6FA33D1DCBBBD400B62C82 /* Pumpkin.svg */ = {isa = PBXFileReference; fileEncoding = 4; lastKnownFileType = text; path = Pumpkin.svg; sourceTree = "<group>"; };
		2A6FA33E1DCBBBD400B62C82 /* Skull.svg */ = {isa = PBXFileReference; fileEncoding = 4; lastKnownFileType = text; path = Skull.svg; sourceTree = "<group>"; };
		2A6FA33F1DCBBBD400B62C82 /* Spider.svg */ = {isa = PBXFileReference; fileEncoding = 4; lastKnownFileType = text; path = Spider.svg; sourceTree = "<group>"; };
		2A74F5771DFFDCCF00F0771E /* libSVGParseTests.swift */ = {isa = PBXFileReference; fileEncoding = 4; lastKnownFileType = sourcecode.swift; path = libSVGParseTests.swift; sourceTree = "<group>"; };
		2A74F5791DFFDCF200F0771E /* libSVGViewPortTests.swift */ = {isa = PBXFileReference; fileEncoding = 4; lastKnownFileType = sourcecode.swift; path = libSVGViewPortTests.swift; sourceTree = "<group>"; };
		2A74F57B1DFFDD2400F0771E /* libSVGShapeTests.swift */ = {isa = PBXFileReference; fileEncoding = 4; lastKnownFileType = sourcecode.swift; path = libSVGShapeTests.swift; sourceTree = "<group>"; };
		2A74F57D1DFFDD4500F0771E /* libSVGGroupTests.swift */ = {isa = PBXFileReference; fileEncoding = 4; lastKnownFileType = sourcecode.swift; path = libSVGGroupTests.swift; sourceTree = "<group>"; };
		2A74F57F1DFFDD9500F0771E /* libSVGGradientTests.swift */ = {isa = PBXFileReference; fileEncoding = 4; lastKnownFileType = sourcecode.swift; path = libSVGGradientTests.swift; sourceTree = "<group>"; };
		2A7E8DB31E5A43E80050AEEC /* SVGElement.swift */ = {isa = PBXFileReference; fileEncoding = 4; lastKnownFileType = sourcecode.swift; path = SVGElement.swift; sourceTree = "<group>"; };
		2A7E8DB51E5A55A50050AEEC /* SVGTag.swift */ = {isa = PBXFileReference; fileEncoding = 4; lastKnownFileType = sourcecode.swift; path = SVGTag.swift; sourceTree = "<group>"; };
		2A7E8DB71E5A685B0050AEEC /* SVGCSSParser.swift */ = {isa = PBXFileReference; fileEncoding = 4; lastKnownFileType = sourcecode.swift; path = SVGCSSParser.swift; sourceTree = "<group>"; };
		2A802787201D0766004157CD /* libSVGNodeTests.swift */ = {isa = PBXFileReference; lastKnownFileType = sourcecode.swift; path = libSVGNodeTests.swift; sourceTree = "<group>"; };
		2A96C7E11FA9480100ED94C1 /* SVGTagSVG.swift */ = {isa = PBXFileReference; lastKnownFileType = sourcecode.swift; path = SVGTagSVG.swift; sourceTree = "<group>"; };
		2A9B02B41E3E728300AF4FAE /* module.modulemap */ = {isa = PBXFileReference; fileEncoding = 4; lastKnownFileType = "sourcecode.module-map"; path = module.modulemap; sourceTree = "<group>"; };
		2AAEAFFC1EE490E400693572 /* SVGRendererDestination.swift */ = {isa = PBXFileReference; fileEncoding = 4; lastKnownFileType = sourcecode.swift; path = SVGRendererDestination.swift; sourceTree = "<group>"; };
/* End PBXFileReference section */

/* Begin PBXFrameworksBuildPhase section */
		2A6FA3191DCB420900B62C82 /* Frameworks */ = {
			isa = PBXFrameworksBuildPhase;
			buildActionMask = 2147483647;
			files = (
				2A56751F1E58B74C0006E4EA /* libxml2.2.tbd in Frameworks */,
			);
			runOnlyForDeploymentPostprocessing = 0;
		};
		2A6FA3231DCB420900B62C82 /* Frameworks */ = {
			isa = PBXFrameworksBuildPhase;
			buildActionMask = 2147483647;
			files = (
				2A56751E1E58A1E70006E4EA /* libxml2.2.tbd in Frameworks */,
				2A6FA3271DCB420900B62C82 /* libSVG.framework in Frameworks */,
			);
			runOnlyForDeploymentPostprocessing = 0;
		};
/* End PBXFrameworksBuildPhase section */

/* Begin PBXGroup section */
		2A56751C1E58A1E60006E4EA /* Frameworks */ = {
			isa = PBXGroup;
			children = (
				2A56751D1E58A1E60006E4EA /* libxml2.2.tbd */,
			);
			name = Frameworks;
			sourceTree = "<group>";
		};
		2A6FA3131DCB420900B62C82 = {
			isa = PBXGroup;
			children = (
				2A9B02B31E3E728300AF4FAE /* clibxml */,
				2A6FA31F1DCB420900B62C82 /* libSVG */,
				2A96C7E01FA947B900ED94C1 /* Support */,
				2A6FA32A1DCB420900B62C82 /* libSVGTests */,
				2A6FA31E1DCB420900B62C82 /* Products */,
				2A56751C1E58A1E60006E4EA /* Frameworks */,
			);
			sourceTree = "<group>";
		};
		2A6FA31E1DCB420900B62C82 /* Products */ = {
			isa = PBXGroup;
			children = (
				2A6FA31D1DCB420900B62C82 /* libSVG.framework */,
				2A6FA3261DCB420900B62C82 /* libSVGTests.xctest */,
			);
			name = Products;
			sourceTree = "<group>";
		};
		2A6FA31F1DCB420900B62C82 /* libSVG */ = {
			isa = PBXGroup;
			children = (
				2A6FA3201DCB420900B62C82 /* libSVG.h */,
				2A6FA3371DCBBA7B00B62C82 /* SVG.swift */,
				2A5675201E58B93A0006E4EA /* SVGNode.swift */,
				2A7E8DB31E5A43E80050AEEC /* SVGElement.swift */,
				2A65F35B1EA0F7DD003D1BD2 /* SVGRenderer.swift */,
				2AAEAFFC1EE490E400693572 /* SVGRendererDestination.swift */,
				2A7E8DB51E5A55A50050AEEC /* SVGTag.swift */,
				2A7E8DB71E5A685B0050AEEC /* SVGCSSParser.swift */,
				2A6FA3211DCB420900B62C82 /* Info.plist */,
			);
			path = libSVG;
			sourceTree = "<group>";
		};
		2A6FA32A1DCB420900B62C82 /* libSVGTests */ = {
			isa = PBXGroup;
			children = (
				2A6FA3391DCBBBD400B62C82 /* TestFiles */,
				2A6FA32B1DCB420900B62C82 /* libSVGLoadTests.swift */,
				2A74F5771DFFDCCF00F0771E /* libSVGParseTests.swift */,
				2A802787201D0766004157CD /* libSVGNodeTests.swift */,
				2A74F5791DFFDCF200F0771E /* libSVGViewPortTests.swift */,
				2A74F57B1DFFDD2400F0771E /* libSVGShapeTests.swift */,
				2A74F57D1DFFDD4500F0771E /* libSVGGroupTests.swift */,
				2A74F57F1DFFDD9500F0771E /* libSVGGradientTests.swift */,
				2A6FA32D1DCB420900B62C82 /* Info.plist */,
			);
			path = libSVGTests;
			sourceTree = "<group>";
		};
		2A6FA3391DCBBBD400B62C82 /* TestFiles */ = {
			isa = PBXGroup;
			children = (
				2A6FA33A1DCBBBD400B62C82 /* Death.svg */,
				2A6FA33B1DCBBBD400B62C82 /* Frankenstein.svg */,
				2A6FA33C1DCBBBD400B62C82 /* Mummy.svg */,
				2A6FA33D1DCBBBD400B62C82 /* Pumpkin.svg */,
				2A6FA33E1DCBBBD400B62C82 /* Skull.svg */,
				2A6FA33F1DCBBBD400B62C82 /* Spider.svg */,
			);
			path = TestFiles;
			sourceTree = "<group>";
		};
		2A96C7E01FA947B900ED94C1 /* Support */ = {
			isa = PBXGroup;
			children = (
				2A96C7E11FA9480100ED94C1 /* SVGTagSVG.swift */,
			);
			path = Support;
			sourceTree = "<group>";
		};
		2A9B02B31E3E728300AF4FAE /* clibxml */ = {
			isa = PBXGroup;
			children = (
				2A9B02B41E3E728300AF4FAE /* module.modulemap */,
			);
			name = clibxml;
			path = ThirdParties/clibxml;
			sourceTree = "<group>";
		};
/* End PBXGroup section */

/* Begin PBXHeadersBuildPhase section */
		2A6FA31A1DCB420900B62C82 /* Headers */ = {
			isa = PBXHeadersBuildPhase;
			buildActionMask = 2147483647;
			files = (
				2A6FA32E1DCB420900B62C82 /* libSVG.h in Headers */,
			);
			runOnlyForDeploymentPostprocessing = 0;
		};
/* End PBXHeadersBuildPhase section */

/* Begin PBXNativeTarget section */
		2A6FA31C1DCB420900B62C82 /* libSVG */ = {
			isa = PBXNativeTarget;
			buildConfigurationList = 2A6FA3311DCB420900B62C82 /* Build configuration list for PBXNativeTarget "libSVG" */;
			buildPhases = (
				2A6FA3181DCB420900B62C82 /* Sources */,
				2A6FA3191DCB420900B62C82 /* Frameworks */,
				2A6FA31A1DCB420900B62C82 /* Headers */,
				2A6FA31B1DCB420900B62C82 /* Resources */,
			);
			buildRules = (
			);
			dependencies = (
			);
			name = libSVG;
			productName = libSVG;
			productReference = 2A6FA31D1DCB420900B62C82 /* libSVG.framework */;
			productType = "com.apple.product-type.framework";
		};
		2A6FA3251DCB420900B62C82 /* libSVGTests */ = {
			isa = PBXNativeTarget;
			buildConfigurationList = 2A6FA3341DCB420900B62C82 /* Build configuration list for PBXNativeTarget "libSVGTests" */;
			buildPhases = (
				2A6FA3221DCB420900B62C82 /* Sources */,
				2A6FA3231DCB420900B62C82 /* Frameworks */,
				2A6FA3241DCB420900B62C82 /* Resources */,
			);
			buildRules = (
			);
			dependencies = (
				2A6FA3291DCB420900B62C82 /* PBXTargetDependency */,
			);
			name = libSVGTests;
			productName = libSVGTests;
			productReference = 2A6FA3261DCB420900B62C82 /* libSVGTests.xctest */;
			productType = "com.apple.product-type.bundle.unit-test";
		};
/* End PBXNativeTarget section */

/* Begin PBXProject section */
		2A6FA3141DCB420900B62C82 /* Project object */ = {
			isa = PBXProject;
			attributes = {
				LastSwiftUpdateCheck = 0800;
				LastUpgradeCheck = 0820;
				ORGANIZATIONNAME = MMyneta;
				TargetAttributes = {
					2A6FA31C1DCB420900B62C82 = {
						CreatedOnToolsVersion = 8.0;
						DevelopmentTeam = E57NY67VPR;
						LastSwiftMigration = 0800;
						ProvisioningStyle = Automatic;
					};
					2A6FA3251DCB420900B62C82 = {
						CreatedOnToolsVersion = 8.0;
						DevelopmentTeam = E57NY67VPR;
						ProvisioningStyle = Automatic;
					};
				};
			};
			buildConfigurationList = 2A6FA3171DCB420900B62C82 /* Build configuration list for PBXProject "libSVG" */;
			compatibilityVersion = "Xcode 3.2";
			developmentRegion = English;
			hasScannedForEncodings = 0;
			knownRegions = (
				en,
			);
			mainGroup = 2A6FA3131DCB420900B62C82;
			productRefGroup = 2A6FA31E1DCB420900B62C82 /* Products */;
			projectDirPath = "";
			projectRoot = "";
			targets = (
				2A6FA31C1DCB420900B62C82 /* libSVG */,
				2A6FA3251DCB420900B62C82 /* libSVGTests */,
			);
		};
/* End PBXProject section */

/* Begin PBXResourcesBuildPhase section */
		2A6FA31B1DCB420900B62C82 /* Resources */ = {
			isa = PBXResourcesBuildPhase;
			buildActionMask = 2147483647;
			files = (
			);
			runOnlyForDeploymentPostprocessing = 0;
		};
		2A6FA3241DCB420900B62C82 /* Resources */ = {
			isa = PBXResourcesBuildPhase;
			buildActionMask = 2147483647;
			files = (
				2A6FA3421DCBBBD400B62C82 /* Mummy.svg in Resources */,
				2A6FA3451DCBBBD400B62C82 /* Spider.svg in Resources */,
				2A6FA3431DCBBBD400B62C82 /* Pumpkin.svg in Resources */,
				2A6FA3411DCBBBD400B62C82 /* Frankenstein.svg in Resources */,
				2A6FA3401DCBBBD400B62C82 /* Death.svg in Resources */,
				2A6FA3441DCBBBD400B62C82 /* Skull.svg in Resources */,
			);
			runOnlyForDeploymentPostprocessing = 0;
		};
/* End PBXResourcesBuildPhase section */

/* Begin PBXSourcesBuildPhase section */
		2A6FA3181DCB420900B62C82 /* Sources */ = {
			isa = PBXSourcesBuildPhase;
			buildActionMask = 2147483647;
			files = (
				2A7E8DB61E5A55A50050AEEC /* SVGTag.swift in Sources */,
				2A6FA3381DCBBA7B00B62C82 /* SVG.swift in Sources */,
				2AAEAFFD1EE490E400693572 /* SVGRendererDestination.swift in Sources */,
				2A5675211E58B93A0006E4EA /* SVGNode.swift in Sources */,
				2A7E8DB81E5A685B0050AEEC /* SVGCSSParser.swift in Sources */,
				2A65F35C1EA0F7DD003D1BD2 /* SVGRenderer.swift in Sources */,
				2A96C7E21FA9480100ED94C1 /* SVGTagSVG.swift in Sources */,
				2A7E8DB41E5A43E80050AEEC /* SVGElement.swift in Sources */,
			);
			runOnlyForDeploymentPostprocessing = 0;
		};
		2A6FA3221DCB420900B62C82 /* Sources */ = {
			isa = PBXSourcesBuildPhase;
			buildActionMask = 2147483647;
			files = (
				2A74F57C1DFFDD2400F0771E /* libSVGShapeTests.swift in Sources */,
				2A74F5781DFFDCCF00F0771E /* libSVGParseTests.swift in Sources */,
				2A74F5801DFFDD9500F0771E /* libSVGGradientTests.swift in Sources */,
				2A802788201D0766004157CD /* libSVGNodeTests.swift in Sources */,
				2A74F57E1DFFDD4500F0771E /* libSVGGroupTests.swift in Sources */,
				2A74F57A1DFFDCF200F0771E /* libSVGViewPortTests.swift in Sources */,
				2A6FA32C1DCB420900B62C82 /* libSVGLoadTests.swift in Sources */,
			);
			runOnlyForDeploymentPostprocessing = 0;
		};
/* End PBXSourcesBuildPhase section */

/* Begin PBXTargetDependency section */
		2A6FA3291DCB420900B62C82 /* PBXTargetDependency */ = {
			isa = PBXTargetDependency;
			target = 2A6FA31C1DCB420900B62C82 /* libSVG */;
			targetProxy = 2A6FA3281DCB420900B62C82 /* PBXContainerItemProxy */;
		};
/* End PBXTargetDependency section */

/* Begin XCBuildConfiguration section */
		2A6FA32F1DCB420900B62C82 /* Debug */ = {
			isa = XCBuildConfiguration;
			buildSettings = {
				ALWAYS_SEARCH_USER_PATHS = NO;
				CLANG_ANALYZER_NONNULL = YES;
				CLANG_CXX_LANGUAGE_STANDARD = "gnu++0x";
				CLANG_CXX_LIBRARY = "libc++";
				CLANG_ENABLE_MODULES = YES;
				CLANG_ENABLE_OBJC_ARC = YES;
				CLANG_WARN_BOOL_CONVERSION = YES;
				CLANG_WARN_CONSTANT_CONVERSION = YES;
				CLANG_WARN_DIRECT_OBJC_ISA_USAGE = YES_ERROR;
				CLANG_WARN_DOCUMENTATION_COMMENTS = YES;
				CLANG_WARN_EMPTY_BODY = YES;
				CLANG_WARN_ENUM_CONVERSION = YES;
				CLANG_WARN_INFINITE_RECURSION = YES;
				CLANG_WARN_INT_CONVERSION = YES;
				CLANG_WARN_OBJC_ROOT_CLASS = YES_ERROR;
				CLANG_WARN_SUSPICIOUS_MOVE = YES;
				CLANG_WARN_SUSPICIOUS_MOVES = YES;
				CLANG_WARN_UNREACHABLE_CODE = YES;
				CLANG_WARN__DUPLICATE_METHOD_MATCH = YES;
				CODE_SIGN_IDENTITY = "-";
				COPY_PHASE_STRIP = NO;
				CURRENT_PROJECT_VERSION = 1;
				DEBUG_INFORMATION_FORMAT = dwarf;
				ENABLE_STRICT_OBJC_MSGSEND = YES;
				ENABLE_TESTABILITY = YES;
				GCC_C_LANGUAGE_STANDARD = gnu99;
				GCC_DYNAMIC_NO_PIC = NO;
				GCC_NO_COMMON_BLOCKS = YES;
				GCC_OPTIMIZATION_LEVEL = 0;
				GCC_PREPROCESSOR_DEFINITIONS = (
					"DEBUG=1",
					"$(inherited)",
				);
				GCC_WARN_64_TO_32_BIT_CONVERSION = YES;
				GCC_WARN_ABOUT_RETURN_TYPE = YES_ERROR;
				GCC_WARN_UNDECLARED_SELECTOR = YES;
				GCC_WARN_UNINITIALIZED_AUTOS = YES_AGGRESSIVE;
				GCC_WARN_UNUSED_FUNCTION = YES;
				GCC_WARN_UNUSED_VARIABLE = YES;
				MACOSX_DEPLOYMENT_TARGET = 10.12;
				MTL_ENABLE_DEBUG_INFO = YES;
				ONLY_ACTIVE_ARCH = YES;
				SDKROOT = macosx;
				SWIFT_ACTIVE_COMPILATION_CONDITIONS = DEBUG;
				SWIFT_OPTIMIZATION_LEVEL = "-Onone";
				VERSIONING_SYSTEM = "apple-generic";
				VERSION_INFO_PREFIX = "";
			};
			name = Debug;
		};
		2A6FA3301DCB420900B62C82 /* Release */ = {
			isa = XCBuildConfiguration;
			buildSettings = {
				ALWAYS_SEARCH_USER_PATHS = NO;
				CLANG_ANALYZER_NONNULL = YES;
				CLANG_CXX_LANGUAGE_STANDARD = "gnu++0x";
				CLANG_CXX_LIBRARY = "libc++";
				CLANG_ENABLE_MODULES = YES;
				CLANG_ENABLE_OBJC_ARC = YES;
				CLANG_WARN_BOOL_CONVERSION = YES;
				CLANG_WARN_CONSTANT_CONVERSION = YES;
				CLANG_WARN_DIRECT_OBJC_ISA_USAGE = YES_ERROR;
				CLANG_WARN_DOCUMENTATION_COMMENTS = YES;
				CLANG_WARN_EMPTY_BODY = YES;
				CLANG_WARN_ENUM_CONVERSION = YES;
				CLANG_WARN_INFINITE_RECURSION = YES;
				CLANG_WARN_INT_CONVERSION = YES;
				CLANG_WARN_OBJC_ROOT_CLASS = YES_ERROR;
				CLANG_WARN_SUSPICIOUS_MOVE = YES;
				CLANG_WARN_SUSPICIOUS_MOVES = YES;
				CLANG_WARN_UNREACHABLE_CODE = YES;
				CLANG_WARN__DUPLICATE_METHOD_MATCH = YES;
				CODE_SIGN_IDENTITY = "-";
				COPY_PHASE_STRIP = NO;
				CURRENT_PROJECT_VERSION = 1;
				DEBUG_INFORMATION_FORMAT = "dwarf-with-dsym";
				ENABLE_NS_ASSERTIONS = NO;
				ENABLE_STRICT_OBJC_MSGSEND = YES;
				GCC_C_LANGUAGE_STANDARD = gnu99;
				GCC_NO_COMMON_BLOCKS = YES;
				GCC_WARN_64_TO_32_BIT_CONVERSION = YES;
				GCC_WARN_ABOUT_RETURN_TYPE = YES_ERROR;
				GCC_WARN_UNDECLARED_SELECTOR = YES;
				GCC_WARN_UNINITIALIZED_AUTOS = YES_AGGRESSIVE;
				GCC_WARN_UNUSED_FUNCTION = YES;
				GCC_WARN_UNUSED_VARIABLE = YES;
				MACOSX_DEPLOYMENT_TARGET = 10.12;
				MTL_ENABLE_DEBUG_INFO = NO;
				SDKROOT = macosx;
				SWIFT_OPTIMIZATION_LEVEL = "-Owholemodule";
				VERSIONING_SYSTEM = "apple-generic";
				VERSION_INFO_PREFIX = "";
			};
			name = Release;
		};
		2A6FA3321DCB420900B62C82 /* Debug */ = {
			isa = XCBuildConfiguration;
			buildSettings = {
				ALWAYS_SEARCH_USER_PATHS = NO;
				CLANG_ENABLE_MODULES = YES;
				CODE_SIGN_IDENTITY = "";
				COMBINE_HIDPI_IMAGES = YES;
				DEFINES_MODULE = YES;
				DEVELOPMENT_TEAM = E57NY67VPR;
				DYLIB_COMPATIBILITY_VERSION = 1;
				DYLIB_CURRENT_VERSION = 1;
				DYLIB_INSTALL_NAME_BASE = "@rpath";
				FRAMEWORK_VERSION = A;
				HEADER_SEARCH_PATHS = (
					"${SRCROOT}/ThirdParties/clibxml/**",
					"$(SDKROOT)/usr/include/libxml2/**",
				);
				INFOPLIST_FILE = libSVG/Info.plist;
				INSTALL_PATH = "$(LOCAL_LIBRARY_DIR)/Frameworks";
				LD_RUNPATH_SEARCH_PATHS = "$(inherited) @executable_path/../Frameworks @loader_path/Frameworks";
				PRODUCT_BUNDLE_IDENTIFIER = com.mmyneta.libSVG;
				PRODUCT_NAME = "$(TARGET_NAME)";
				SKIP_INSTALL = YES;
				SWIFT_OPTIMIZATION_LEVEL = "-Onone";
				SWIFT_VERSION = 3.0;
				USER_HEADER_SEARCH_PATHS = "${SRCROOT}/ThirdParties/clibxml/**";
			};
			name = Debug;
		};
		2A6FA3331DCB420900B62C82 /* Release */ = {
			isa = XCBuildConfiguration;
			buildSettings = {
				ALWAYS_SEARCH_USER_PATHS = NO;
				CLANG_ENABLE_MODULES = YES;
				CODE_SIGN_IDENTITY = "";
				COMBINE_HIDPI_IMAGES = YES;
				DEFINES_MODULE = YES;
				DEVELOPMENT_TEAM = E57NY67VPR;
				DYLIB_COMPATIBILITY_VERSION = 1;
				DYLIB_CURRENT_VERSION = 1;
				DYLIB_INSTALL_NAME_BASE = "@rpath";
				FRAMEWORK_VERSION = A;
				HEADER_SEARCH_PATHS = (
					"${SRCROOT}/ThirdParties/clibxml/**",
					"$(SDKROOT)/usr/include/libxml2/**",
				);
				INFOPLIST_FILE = libSVG/Info.plist;
				INSTALL_PATH = "$(LOCAL_LIBRARY_DIR)/Frameworks";
				LD_RUNPATH_SEARCH_PATHS = "$(inherited) @executable_path/../Frameworks @loader_path/Frameworks";
				PRODUCT_BUNDLE_IDENTIFIER = com.mmyneta.libSVG;
				PRODUCT_NAME = "$(TARGET_NAME)";
				SKIP_INSTALL = YES;
				SWIFT_VERSION = 3.0;
				USER_HEADER_SEARCH_PATHS = "${SRCROOT}/ThirdParties/clibxml/**";
			};
			name = Release;
		};
		2A6FA3351DCB420900B62C82 /* Debug */ = {
			isa = XCBuildConfiguration;
			buildSettings = {
				ALWAYS_EMBED_SWIFT_STANDARD_LIBRARIES = YES;
				COMBINE_HIDPI_IMAGES = YES;
				DEVELOPMENT_TEAM = E57NY67VPR;
				HEADER_SEARCH_PATHS = "${SRCROOT}/ThirdParties/clibxml/**";
				INFOPLIST_FILE = libSVGTests/Info.plist;
				LD_RUNPATH_SEARCH_PATHS = "$(inherited) @executable_path/../Frameworks @loader_path/../Frameworks";
				PRODUCT_BUNDLE_IDENTIFIER = com.mmyneta.libSVGTests;
				PRODUCT_NAME = "$(TARGET_NAME)";
				SWIFT_VERSION = 3.0;
			};
			name = Debug;
		};
		2A6FA3361DCB420900B62C82 /* Release */ = {
			isa = XCBuildConfiguration;
			buildSettings = {
				ALWAYS_EMBED_SWIFT_STANDARD_LIBRARIES = YES;
				COMBINE_HIDPI_IMAGES = YES;
				DEVELOPMENT_TEAM = E57NY67VPR;
				HEADER_SEARCH_PATHS = "${SRCROOT}/ThirdParties/clibxml/**";
				INFOPLIST_FILE = libSVGTests/Info.plist;
				LD_RUNPATH_SEARCH_PATHS = "$(inherited) @executable_path/../Frameworks @loader_path/../Frameworks";
				PRODUCT_BUNDLE_IDENTIFIER = com.mmyneta.libSVGTests;
				PRODUCT_NAME = "$(TARGET_NAME)";
				SWIFT_VERSION = 3.0;
			};
			name = Release;
		};
/* End XCBuildConfiguration section */

/* Begin XCConfigurationList section */
		2A6FA3171DCB420900B62C82 /* Build configuration list for PBXProject "libSVG" */ = {
			isa = XCConfigurationList;
			buildConfigurations = (
				2A6FA32F1DCB420900B62C82 /* Debug */,
				2A6FA3301DCB420900B62C82 /* Release */,
			);
			defaultConfigurationIsVisible = 0;
			defaultConfigurationName = Release;
		};
		2A6FA3311DCB420900B62C82 /* Build configuration list for PBXNativeTarget "libSVG" */ = {
			isa = XCConfigurationList;
			buildConfigurations = (
				2A6FA3321DCB420900B62C82 /* Debug */,
				2A6FA3331DCB420900B62C82 /* Release */,
			);
			defaultConfigurationIsVisible = 0;
			defaultConfigurationName = Release;
		};
		2A6FA3341DCB420900B62C82 /* Build configuration list for PBXNativeTarget "libSVGTests" */ = {
			isa = XCConfigurationList;
			buildConfigurations = (
				2A6FA3351DCB420900B62C82 /* Debug */,
				2A6FA3361DCB420900B62C82 /* Release */,
			);
			defaultConfigurationIsVisible = 0;
			defaultConfigurationName = Release;
		};
/* End XCConfigurationList section */
	};
	rootObject = 2A6FA3141DCB420900B62C82 /* Project object */;
}
